
Microsoft Visual Studio Solution File, Format Version 10.00
# Visual Studio 2008
Project("{8BC9CEB8-8B4A-11D0-8D11-00A0C91BC942}") = "libdrag2d", "..\drag2d\platform\msvc2008\projects\libdrag2d.vcproj", "{E69A7CDE-521A-45B5-B776-AD16F72F6A07}"
	ProjectSection(ProjectDependencies) = postProject
		{D41C0B3E-F0A0-4A1F-A568-0100C839406C} = {D41C0B3E-F0A0-4A1F-A568-0100C839406C}
	EndProjectSection
EndProject
Project("{8BC9CEB8-8B4A-11D0-8D11-00A0C91BC942}") = "easysketch", "..\easysketch\platform\msvc2008\projects\easysketch.vcproj", "{FF2D4A3A-86BA-47C0-AF4E-3264619B2F46}"
	ProjectSection(ProjectDependencies) = postProject
		{584F5852-C8C5-4381-8FE5-D0E76FB81B51} = {584F5852-C8C5-4381-8FE5-D0E76FB81B51}
		{126F1AA2-182E-4F85-B77E-AAB86C6E2FB6} = {126F1AA2-182E-4F85-B77E-AAB86C6E2FB6}
		{E69A7CDE-521A-45B5-B776-AD16F72F6A07} = {E69A7CDE-521A-45B5-B776-AD16F72F6A07}
	EndProjectSection
EndProject
Project("{8BC9CEB8-8B4A-11D0-8D11-00A0C91BC942}") = "libsketch", "..\easysketch\platform\msvc2008\projects\libsketch.vcproj", "{584F5852-C8C5-4381-8FE5-D0E76FB81B51}"
	ProjectSection(ProjectDependencies) = postProject
		{126F1AA2-182E-4F85-B77E-AAB86C6E2FB6} = {126F1AA2-182E-4F85-B77E-AAB86C6E2FB6}
	EndProjectSection
EndProject
Project("{8BC9CEB8-8B4A-11D0-8D11-00A0C91BC942}") = "libimage", "..\easyimage\platform\msvc2008\projects\libimage.vcproj", "{D41C0B3E-F0A0-4A1F-A568-0100C839406C}"
EndProject
Project("{8BC9CEB8-8B4A-11D0-8D11-00A0C91BC942}") = "libeasy3d", "..\easy3d\platform\msvc2008\projects\easy3d.vcproj", "{126F1AA2-182E-4F85-B77E-AAB86C6E2FB6}"
EndProject
Project("{8BC9CEB8-8B4A-11D0-8D11-00A0C91BC942}") = "easyterrain3d", "..\easyterrain3d\platform\msvc2008\projects\easyterrain3d.vcproj", "{97438907-CD84-4E01-BF7F-3614A6F0C231}"
	ProjectSection(ProjectDependencies) = postProject
		{126F1AA2-182E-4F85-B77E-AAB86C6E2FB6} = {126F1AA2-182E-4F85-B77E-AAB86C6E2FB6}
		{716758A5-F6CF-4294-88B2-29C9950304AF} = {716758A5-F6CF-4294-88B2-29C9950304AF}
		{E69A7CDE-521A-45B5-B776-AD16F72F6A07} = {E69A7CDE-521A-45B5-B776-AD16F72F6A07}
	EndProjectSection
EndProject
Project("{8BC9CEB8-8B4A-11D0-8D11-00A0C91BC942}") = "libterrain3d", "..\easyterrain3d\platform\msvc2008\projects\libterrain3d.vcproj", "{716758A5-F6CF-4294-88B2-29C9950304AF}"
EndProject
Project("{8BC9CEB8-8B4A-11D0-8D11-00A0C91BC942}") = "libraytracer", "..\raytracer\platform\msvc2008\projects\libraytracer.vcproj", "{CF1838C8-7EA3-48FB-B73B-5E341DFE4CD5}"
EndProject
Project("{8BC9CEB8-8B4A-11D0-8D11-00A0C91BC942}") = "raytracer", "..\raytracer\platform\msvc2008\projects\raytracer.vcproj", "{628FF30E-A33F-47E4-9000-AB659C802BFF}"
	ProjectSection(ProjectDependencies) = postProject
		{CF1838C8-7EA3-48FB-B73B-5E341DFE4CD5} = {CF1838C8-7EA3-48FB-B73B-5E341DFE4CD5}
	EndProjectSection
EndProject
Project("{8BC9CEB8-8B4A-11D0-8D11-00A0C91BC942}") = "easyshader", "..\easyshader\platform\msvc2008\projects\easyshader.vcproj", "{908B8FCC-3F78-4F8B-9663-0A45623442F4}"
	ProjectSection(ProjectDependencies) = postProject
		{584F5852-C8C5-4381-8FE5-D0E76FB81B51} = {584F5852-C8C5-4381-8FE5-D0E76FB81B51}
		{3156C188-65B6-4785-943C-03CDDE86B53A} = {3156C188-65B6-4785-943C-03CDDE86B53A}
		{126F1AA2-182E-4F85-B77E-AAB86C6E2FB6} = {126F1AA2-182E-4F85-B77E-AAB86C6E2FB6}
		{E69A7CDE-521A-45B5-B776-AD16F72F6A07} = {E69A7CDE-521A-45B5-B776-AD16F72F6A07}
	EndProjectSection
EndProject
Project("{8BC9CEB8-8B4A-11D0-8D11-00A0C91BC942}") = "libshader", "..\easyshader\platform\msvc2008\projects\libshader.vcproj", "{3156C188-65B6-4785-943C-03CDDE86B53A}"
EndProject
Project("{8BC9CEB8-8B4A-11D0-8D11-00A0C91BC942}") = "easypseudo3d", "..\easypseudo3d\platform\msvc2008\projects\easypseudo3d.vcproj", "{E487FD3F-ABE4-43FB-8A59-03768C700CFD}"
	ProjectSection(ProjectDependencies) = postProject
		{02A5FE18-62B6-4471-953C-1650CBD6C34C} = {02A5FE18-62B6-4471-953C-1650CBD6C34C}
		{126F1AA2-182E-4F85-B77E-AAB86C6E2FB6} = {126F1AA2-182E-4F85-B77E-AAB86C6E2FB6}
		{E69A7CDE-521A-45B5-B776-AD16F72F6A07} = {E69A7CDE-521A-45B5-B776-AD16F72F6A07}
	EndProjectSection
EndProject
Project("{8BC9CEB8-8B4A-11D0-8D11-00A0C91BC942}") = "libpseudo3d", "..\easypseudo3d\platform\msvc2008\projects\libpseudo3d.vcproj", "{02A5FE18-62B6-4471-953C-1650CBD6C34C}"
EndProject
Project("{8BC9CEB8-8B4A-11D0-8D11-00A0C91BC942}") = "easyanim3d", "..\easyanim3d\platform\msvc2008\projects\easyanim3d.vcproj", "{0963327C-D73A-45EF-914A-563F4EF4F94B}"
	ProjectSection(ProjectDependencies) = postProject
		{D41C0B3E-F0A0-4A1F-A568-0100C839406C} = {D41C0B3E-F0A0-4A1F-A568-0100C839406C}
		{ED9E2268-BF41-46D7-8FE4-7C5EBCC525D5} = {ED9E2268-BF41-46D7-8FE4-7C5EBCC525D5}
		{126F1AA2-182E-4F85-B77E-AAB86C6E2FB6} = {126F1AA2-182E-4F85-B77E-AAB86C6E2FB6}
		{E69A7CDE-521A-45B5-B776-AD16F72F6A07} = {E69A7CDE-521A-45B5-B776-AD16F72F6A07}
	EndProjectSection
EndProject
Project("{8BC9CEB8-8B4A-11D0-8D11-00A0C91BC942}") = "libanim3d", "..\easyanim3d\platform\msvc2008\projects\libanim3d.vcproj", "{ED9E2268-BF41-46D7-8FE4-7C5EBCC525D5}"
EndProject
Global
	GlobalSection(SolutionConfigurationPlatforms) = preSolution
		Debug|Win32 = Debug|Win32
		MinSizeRel|Win32 = MinSizeRel|Win32
		Release|Win32 = Release|Win32
		RelWithDebInfo|Win32 = RelWithDebInfo|Win32
	EndGlobalSection
	GlobalSection(ProjectConfigurationPlatforms) = postSolution
		{E69A7CDE-521A-45B5-B776-AD16F72F6A07}.Debug|Win32.ActiveCfg = Debug|Win32
		{E69A7CDE-521A-45B5-B776-AD16F72F6A07}.Debug|Win32.Build.0 = Debug|Win32
		{E69A7CDE-521A-45B5-B776-AD16F72F6A07}.MinSizeRel|Win32.ActiveCfg = Release|Win32
		{E69A7CDE-521A-45B5-B776-AD16F72F6A07}.MinSizeRel|Win32.Build.0 = Release|Win32
		{E69A7CDE-521A-45B5-B776-AD16F72F6A07}.Release|Win32.ActiveCfg = Release|Win32
		{E69A7CDE-521A-45B5-B776-AD16F72F6A07}.Release|Win32.Build.0 = Release|Win32
		{E69A7CDE-521A-45B5-B776-AD16F72F6A07}.RelWithDebInfo|Win32.ActiveCfg = Release|Win32
		{E69A7CDE-521A-45B5-B776-AD16F72F6A07}.RelWithDebInfo|Win32.Build.0 = Release|Win32
		{FF2D4A3A-86BA-47C0-AF4E-3264619B2F46}.Debug|Win32.ActiveCfg = Debug|Win32
		{FF2D4A3A-86BA-47C0-AF4E-3264619B2F46}.Debug|Win32.Build.0 = Debug|Win32
		{FF2D4A3A-86BA-47C0-AF4E-3264619B2F46}.MinSizeRel|Win32.ActiveCfg = Release|Win32
		{FF2D4A3A-86BA-47C0-AF4E-3264619B2F46}.MinSizeRel|Win32.Build.0 = Release|Win32
		{FF2D4A3A-86BA-47C0-AF4E-3264619B2F46}.Release|Win32.ActiveCfg = Release|Win32
		{FF2D4A3A-86BA-47C0-AF4E-3264619B2F46}.Release|Win32.Build.0 = Release|Win32
		{FF2D4A3A-86BA-47C0-AF4E-3264619B2F46}.RelWithDebInfo|Win32.ActiveCfg = Release|Win32
		{FF2D4A3A-86BA-47C0-AF4E-3264619B2F46}.RelWithDebInfo|Win32.Build.0 = Release|Win32
		{584F5852-C8C5-4381-8FE5-D0E76FB81B51}.Debug|Win32.ActiveCfg = Debug|Win32
		{584F5852-C8C5-4381-8FE5-D0E76FB81B51}.Debug|Win32.Build.0 = Debug|Win32
		{584F5852-C8C5-4381-8FE5-D0E76FB81B51}.MinSizeRel|Win32.ActiveCfg = Release|Win32
		{584F5852-C8C5-4381-8FE5-D0E76FB81B51}.MinSizeRel|Win32.Build.0 = Release|Win32
		{584F5852-C8C5-4381-8FE5-D0E76FB81B51}.Release|Win32.ActiveCfg = Release|Win32
		{584F5852-C8C5-4381-8FE5-D0E76FB81B51}.Release|Win32.Build.0 = Release|Win32
		{584F5852-C8C5-4381-8FE5-D0E76FB81B51}.RelWithDebInfo|Win32.ActiveCfg = Release|Win32
		{584F5852-C8C5-4381-8FE5-D0E76FB81B51}.RelWithDebInfo|Win32.Build.0 = Release|Win32
		{D41C0B3E-F0A0-4A1F-A568-0100C839406C}.Debug|Win32.ActiveCfg = Debug|Win32
		{D41C0B3E-F0A0-4A1F-A568-0100C839406C}.Debug|Win32.Build.0 = Debug|Win32
		{D41C0B3E-F0A0-4A1F-A568-0100C839406C}.MinSizeRel|Win32.ActiveCfg = Release|Win32
		{D41C0B3E-F0A0-4A1F-A568-0100C839406C}.MinSizeRel|Win32.Build.0 = Release|Win32
		{D41C0B3E-F0A0-4A1F-A568-0100C839406C}.Release|Win32.ActiveCfg = Release|Win32
		{D41C0B3E-F0A0-4A1F-A568-0100C839406C}.Release|Win32.Build.0 = Release|Win32
		{D41C0B3E-F0A0-4A1F-A568-0100C839406C}.RelWithDebInfo|Win32.ActiveCfg = Release|Win32
		{D41C0B3E-F0A0-4A1F-A568-0100C839406C}.RelWithDebInfo|Win32.Build.0 = Release|Win32
		{126F1AA2-182E-4F85-B77E-AAB86C6E2FB6}.Debug|Win32.ActiveCfg = Debug|Win32
		{126F1AA2-182E-4F85-B77E-AAB86C6E2FB6}.Debug|Win32.Build.0 = Debug|Win32
		{126F1AA2-182E-4F85-B77E-AAB86C6E2FB6}.MinSizeRel|Win32.ActiveCfg = Release|Win32
		{126F1AA2-182E-4F85-B77E-AAB86C6E2FB6}.MinSizeRel|Win32.Build.0 = Release|Win32
		{126F1AA2-182E-4F85-B77E-AAB86C6E2FB6}.Release|Win32.ActiveCfg = Release|Win32
		{126F1AA2-182E-4F85-B77E-AAB86C6E2FB6}.Release|Win32.Build.0 = Release|Win32
		{126F1AA2-182E-4F85-B77E-AAB86C6E2FB6}.RelWithDebInfo|Win32.ActiveCfg = Release|Win32
		{126F1AA2-182E-4F85-B77E-AAB86C6E2FB6}.RelWithDebInfo|Win32.Build.0 = Release|Win32
		{97438907-CD84-4E01-BF7F-3614A6F0C231}.Debug|Win32.ActiveCfg = Debug|Win32
		{97438907-CD84-4E01-BF7F-3614A6F0C231}.Debug|Win32.Build.0 = Debug|Win32
		{97438907-CD84-4E01-BF7F-3614A6F0C231}.MinSizeRel|Win32.ActiveCfg = Release|Win32
		{97438907-CD84-4E01-BF7F-3614A6F0C231}.MinSizeRel|Win32.Build.0 = Release|Win32
		{97438907-CD84-4E01-BF7F-3614A6F0C231}.Release|Win32.ActiveCfg = Release|Win32
		{97438907-CD84-4E01-BF7F-3614A6F0C231}.Release|Win32.Build.0 = Release|Win32
		{97438907-CD84-4E01-BF7F-3614A6F0C231}.RelWithDebInfo|Win32.ActiveCfg = Release|Win32
		{97438907-CD84-4E01-BF7F-3614A6F0C231}.RelWithDebInfo|Win32.Build.0 = Release|Win32
		{716758A5-F6CF-4294-88B2-29C9950304AF}.Debug|Win32.ActiveCfg = Debug|Win32
		{716758A5-F6CF-4294-88B2-29C9950304AF}.Debug|Win32.Build.0 = Debug|Win32
		{716758A5-F6CF-4294-88B2-29C9950304AF}.MinSizeRel|Win32.ActiveCfg = Release|Win32
		{716758A5-F6CF-4294-88B2-29C9950304AF}.MinSizeRel|Win32.Build.0 = Release|Win32
		{716758A5-F6CF-4294-88B2-29C9950304AF}.Release|Win32.ActiveCfg = Release|Win32
		{716758A5-F6CF-4294-88B2-29C9950304AF}.Release|Win32.Build.0 = Release|Win32
		{716758A5-F6CF-4294-88B2-29C9950304AF}.RelWithDebInfo|Win32.ActiveCfg = Release|Win32
		{716758A5-F6CF-4294-88B2-29C9950304AF}.RelWithDebInfo|Win32.Build.0 = Release|Win32
		{CF1838C8-7EA3-48FB-B73B-5E341DFE4CD5}.Debug|Win32.ActiveCfg = Debug|Win32
		{CF1838C8-7EA3-48FB-B73B-5E341DFE4CD5}.Debug|Win32.Build.0 = Debug|Win32
		{CF1838C8-7EA3-48FB-B73B-5E341DFE4CD5}.MinSizeRel|Win32.ActiveCfg = Release|Win32
		{CF1838C8-7EA3-48FB-B73B-5E341DFE4CD5}.MinSizeRel|Win32.Build.0 = Release|Win32
		{CF1838C8-7EA3-48FB-B73B-5E341DFE4CD5}.Release|Win32.ActiveCfg = Release|Win32
		{CF1838C8-7EA3-48FB-B73B-5E341DFE4CD5}.Release|Win32.Build.0 = Release|Win32
		{CF1838C8-7EA3-48FB-B73B-5E341DFE4CD5}.RelWithDebInfo|Win32.ActiveCfg = Release|Win32
		{CF1838C8-7EA3-48FB-B73B-5E341DFE4CD5}.RelWithDebInfo|Win32.Build.0 = Release|Win32
		{628FF30E-A33F-47E4-9000-AB659C802BFF}.Debug|Win32.ActiveCfg = Debug|Win32
		{628FF30E-A33F-47E4-9000-AB659C802BFF}.Debug|Win32.Build.0 = Debug|Win32
		{628FF30E-A33F-47E4-9000-AB659C802BFF}.MinSizeRel|Win32.ActiveCfg = Release|Win32
		{628FF30E-A33F-47E4-9000-AB659C802BFF}.MinSizeRel|Win32.Build.0 = Release|Win32
		{628FF30E-A33F-47E4-9000-AB659C802BFF}.Release|Win32.ActiveCfg = Release|Win32
		{628FF30E-A33F-47E4-9000-AB659C802BFF}.Release|Win32.Build.0 = Release|Win32
		{628FF30E-A33F-47E4-9000-AB659C802BFF}.RelWithDebInfo|Win32.ActiveCfg = Release|Win32
		{628FF30E-A33F-47E4-9000-AB659C802BFF}.RelWithDebInfo|Win32.Build.0 = Release|Win32
		{908B8FCC-3F78-4F8B-9663-0A45623442F4}.Debug|Win32.ActiveCfg = Debug|Win32
		{908B8FCC-3F78-4F8B-9663-0A45623442F4}.Debug|Win32.Build.0 = Debug|Win32
		{908B8FCC-3F78-4F8B-9663-0A45623442F4}.MinSizeRel|Win32.ActiveCfg = Release|Win32
		{908B8FCC-3F78-4F8B-9663-0A45623442F4}.MinSizeRel|Win32.Build.0 = Release|Win32
		{908B8FCC-3F78-4F8B-9663-0A45623442F4}.Release|Win32.ActiveCfg = Release|Win32
		{908B8FCC-3F78-4F8B-9663-0A45623442F4}.Release|Win32.Build.0 = Release|Win32
		{908B8FCC-3F78-4F8B-9663-0A45623442F4}.RelWithDebInfo|Win32.ActiveCfg = Release|Win32
		{908B8FCC-3F78-4F8B-9663-0A45623442F4}.RelWithDebInfo|Win32.Build.0 = Release|Win32
		{3156C188-65B6-4785-943C-03CDDE86B53A}.Debug|Win32.ActiveCfg = Debug|Win32
		{3156C188-65B6-4785-943C-03CDDE86B53A}.Debug|Win32.Build.0 = Debug|Win32
		{3156C188-65B6-4785-943C-03CDDE86B53A}.MinSizeRel|Win32.ActiveCfg = Release|Win32
		{3156C188-65B6-4785-943C-03CDDE86B53A}.MinSizeRel|Win32.Build.0 = Release|Win32
		{3156C188-65B6-4785-943C-03CDDE86B53A}.Release|Win32.ActiveCfg = Release|Win32
		{3156C188-65B6-4785-943C-03CDDE86B53A}.Release|Win32.Build.0 = Release|Win32
		{3156C188-65B6-4785-943C-03CDDE86B53A}.RelWithDebInfo|Win32.ActiveCfg = Release|Win32
		{3156C188-65B6-4785-943C-03CDDE86B53A}.RelWithDebInfo|Win32.Build.0 = Release|Win32
		{E487FD3F-ABE4-43FB-8A59-03768C700CFD}.Debug|Win32.ActiveCfg = Debug|Win32
		{E487FD3F-ABE4-43FB-8A59-03768C700CFD}.Debug|Win32.Build.0 = Debug|Win32
		{E487FD3F-ABE4-43FB-8A59-03768C700CFD}.MinSizeRel|Win32.ActiveCfg = Release|Win32
		{E487FD3F-ABE4-43FB-8A59-03768C700CFD}.MinSizeRel|Win32.Build.0 = Release|Win32
		{E487FD3F-ABE4-43FB-8A59-03768C700CFD}.Release|Win32.ActiveCfg = Release|Win32
		{E487FD3F-ABE4-43FB-8A59-03768C700CFD}.Release|Win32.Build.0 = Release|Win32
		{E487FD3F-ABE4-43FB-8A59-03768C700CFD}.RelWithDebInfo|Win32.ActiveCfg = Release|Win32
		{E487FD3F-ABE4-43FB-8A59-03768C700CFD}.RelWithDebInfo|Win32.Build.0 = Release|Win32
		{02A5FE18-62B6-4471-953C-1650CBD6C34C}.Debug|Win32.ActiveCfg = Debug|Win32
		{02A5FE18-62B6-4471-953C-1650CBD6C34C}.Debug|Win32.Build.0 = Debug|Win32
		{02A5FE18-62B6-4471-953C-1650CBD6C34C}.MinSizeRel|Win32.ActiveCfg = Release|Win32
		{02A5FE18-62B6-4471-953C-1650CBD6C34C}.MinSizeRel|Win32.Build.0 = Release|Win32
		{02A5FE18-62B6-4471-953C-1650CBD6C34C}.Release|Win32.ActiveCfg = Release|Win32
		{02A5FE18-62B6-4471-953C-1650CBD6C34C}.Release|Win32.Build.0 = Release|Win32
		{02A5FE18-62B6-4471-953C-1650CBD6C34C}.RelWithDebInfo|Win32.ActiveCfg = Release|Win32
		{02A5FE18-62B6-4471-953C-1650CBD6C34C}.RelWithDebInfo|Win32.Build.0 = Release|Win32
		{0963327C-D73A-45EF-914A-563F4EF4F94B}.Debug|Win32.ActiveCfg = Debug|Win32
		{0963327C-D73A-45EF-914A-563F4EF4F94B}.Debug|Win32.Build.0 = Debug|Win32
		{0963327C-D73A-45EF-914A-563F4EF4F94B}.MinSizeRel|Win32.ActiveCfg = Release|Win32
		{0963327C-D73A-45EF-914A-563F4EF4F94B}.MinSizeRel|Win32.Build.0 = Release|Win32
		{0963327C-D73A-45EF-914A-563F4EF4F94B}.Release|Win32.ActiveCfg = Release|Win32
		{0963327C-D73A-45EF-914A-563F4EF4F94B}.Release|Win32.Build.0 = Release|Win32
		{0963327C-D73A-45EF-914A-563F4EF4F94B}.RelWithDebInfo|Win32.ActiveCfg = Release|Win32
		{0963327C-D73A-45EF-914A-563F4EF4F94B}.RelWithDebInfo|Win32.Build.0 = Release|Win32
		{ED9E2268-BF41-46D7-8FE4-7C5EBCC525D5}.Debug|Win32.ActiveCfg = Debug|Win32
		{ED9E2268-BF41-46D7-8FE4-7C5EBCC525D5}.Debug|Win32.Build.0 = Debug|Win32
		{ED9E2268-BF41-46D7-8FE4-7C5EBCC525D5}.MinSizeRel|Win32.ActiveCfg = Release|Win32
		{ED9E2268-BF41-46D7-8FE4-7C5EBCC525D5}.MinSizeRel|Win32.Build.0 = Release|Win32
		{ED9E2268-BF41-46D7-8FE4-7C5EBCC525D5}.Release|Win32.ActiveCfg = Release|Win32
		{ED9E2268-BF41-46D7-8FE4-7C5EBCC525D5}.Release|Win32.Build.0 = Release|Win32
		{ED9E2268-BF41-46D7-8FE4-7C5EBCC525D5}.RelWithDebInfo|Win32.ActiveCfg = Release|Win32
		{ED9E2268-BF41-46D7-8FE4-7C5EBCC525D5}.RelWithDebInfo|Win32.Build.0 = Release|Win32
	EndGlobalSection
	GlobalSection(SolutionProperties) = preSolution
		HideSolutionNode = FALSE
	EndGlobalSection
EndGlobal
