<?xml version="1.0" encoding="utf-8"?>
<Project ToolsVersion="4.0" xmlns="http://schemas.microsoft.com/developer/msbuild/2003">
  <ItemGroup>
    <ClCompile Include="..\..\..\source\Texture.cpp" />
    <ClCompile Include="..\..\..\source\RenderSystem.cpp" />
    <ClCompile Include="..\..\..\source\GeoTransform.cpp">
      <Filter>transform</Filter>
    </ClCompile>
    <ClCompile Include="..\..\..\source\AABB.cpp">
      <Filter>bb</Filter>
    </ClCompile>
    <ClCompile Include="..\..\..\source\BoundingBox.cpp">
      <Filter>bb</Filter>
    </ClCompile>
    <ClCompile Include="..\..\..\source\OBB.cpp">
      <Filter>bb</Filter>
    </ClCompile>
    <ClCompile Include="..\..\..\source\RenderColorCommon.cpp">
      <Filter>render</Filter>
    </ClCompile>
    <ClCompile Include="..\..\..\source\RenderColorMap.cpp">
      <Filter>render</Filter>
    </ClCompile>
  </ItemGroup>
  <ItemGroup>
    <ClInclude Include="..\..\..\include\painting2\Texture.h" />
    <ClInclude Include="..\..\..\include\painting2\RenderSystem.h" />
    <ClInclude Include="..\..\..\include\painting2\GeoTransform.h">
      <Filter>transform</Filter>
    </ClInclude>
    <ClInclude Include="..\..\..\include\painting2\SRT.h">
      <Filter>transform</Filter>
    </ClInclude>
    <ClInclude Include="..\..\..\include\painting2\AABB.h">
      <Filter>bb</Filter>
    </ClInclude>
    <ClInclude Include="..\..\..\include\painting2\BoundingBox.h">
      <Filter>bb</Filter>
    </ClInclude>
    <ClInclude Include="..\..\..\include\painting2\OBB.h">
      <Filter>bb</Filter>
    </ClInclude>
    <ClInclude Include="..\..\..\include\painting2\Color.h">
      <Filter>color</Filter>
    </ClInclude>
    <ClInclude Include="..\..\..\include\painting2\RenderColorMap.h">
      <Filter>render</Filter>
    </ClInclude>
    <ClInclude Include="..\..\..\include\painting2\RenderColorCommon.h">
      <Filter>render</Filter>
    </ClInclude>
  </ItemGroup>
  <ItemGroup>
    <Filter Include="transform">
      <UniqueIdentifier>{f3abf220-4dc0-40e9-8919-76a6aa86425d}</UniqueIdentifier>
    </Filter>
    <Filter Include="bb">
      <UniqueIdentifier>{cc3e2316-5942-4d83-bfa5-e8212a5edd0a}</UniqueIdentifier>
    </Filter>
    <Filter Include="color">
      <UniqueIdentifier>{61410980-78e7-4dc7-9e99-cfa4e4c1b396}</UniqueIdentifier>
    </Filter>
    <Filter Include="render">
      <UniqueIdentifier>{427ce5ba-3b6e-4013-ac49-3327c7c3b567}</UniqueIdentifier>
    </Filter>
  </ItemGroup>
  <ItemGroup>
    <None Include="..\..\..\include\painting2\GeoTransform.inl">
      <Filter>transform</Filter>
    </None>
    <None Include="..\..\..\include\painting2\AABB.inl">
      <Filter>bb</Filter>
    </None>
    <None Include="..\..\..\include\painting2\OBB.inl">
      <Filter>bb</Filter>
    </None>
    <None Include="..\..\..\include\painting2\Color.inl">
      <Filter>color</Filter>
    </None>
  </ItemGroup>
</Project>