
Microsoft Visual Studio Solution File, Format Version 10.00
# Visual Studio 2008
Project("{8BC9CEB8-8B4A-11D0-8D11-00A0C91BC942}") = "2.glue", "projects\glue.vcproj", "{70C5478D-6D53-4F75-99D4-F06373175C83}"
EndProject
Project("{8BC9CEB8-8B4A-11D0-8D11-00A0C91BC942}") = "3.test", "projects\test.vcproj", "{6BE4297D-07CB-4155-AB16-C5AF67CB9843}"
	ProjectSection(ProjectDependencies) = postProject
		{08E82851-7338-42C7-831E-2CD86F65FB70} = {08E82851-7338-42C7-831E-2CD86F65FB70}
		{D5A1565C-C421-46E9-853D-B9BE4C56F708} = {D5A1565C-C421-46E9-853D-B9BE4C56F708}
		{4A75EE84-4487-4506-BBAB-42F1924A1DD5} = {4A75EE84-4487-4506-BBAB-42F1924A1DD5}
		{70C5478D-6D53-4F75-99D4-F06373175C83} = {70C5478D-6D53-4F75-99D4-F06373175C83}
	EndProjectSection
EndProject
Project("{EAF909A5-FA59-4C3D-9431-0FCC20D5BCF9}") = "0.ejoy2d", "..\..\..\ejoy2d\platform\msvc2008\projects\ejoy2d.icproj", "{D5A1565C-C421-46E9-853D-B9BE4C56F708}"
EndProject
Project("{EAF909A5-FA59-4C3D-9431-0FCC20D5BCF9}") = "1.dtex", "..\..\..\dtex\platform\msvc2008\projects\dtex.icproj", "{17BC84E5-4CEC-4E1E-B09D-858B89643592}"
EndProject
Project("{EAF909A5-FA59-4C3D-9431-0FCC20D5BCF9}") = "1.gtxt", "..\..\..\gtxt\platform\msvc2008\projects\gtxt.icproj", "{62BFD3AD-27F7-4AE6-A1EB-F5E86877BB70}"
EndProject
Project("{EAF909A5-FA59-4C3D-9431-0FCC20D5BCF9}") = "1.ps", "..\..\..\particle\platform\msvc2008\projects\particle.icproj", "{8833502D-52B5-4C5C-BE5B-6C611E6F9848}"
EndProject
Project("{EAF909A5-FA59-4C3D-9431-0FCC20D5BCF9}") = "1.rapidvg", "..\..\..\rapidvg\platform\msvc2008\projects\rapidvg.icproj", "{08E82851-7338-42C7-831E-2CD86F65FB70}"
EndProject
Project("{EAF909A5-FA59-4C3D-9431-0FCC20D5BCF9}") = "1.shaderlab", "..\..\..\shaderlab\platform\msvc2008\projects\shaderlab.icproj", "{4A75EE84-4487-4506-BBAB-42F1924A1DD5}"
EndProject
Project("{EAF909A5-FA59-4C3D-9431-0FCC20D5BCF9}") = "1.sp", "..\..\..\sp\platform\msvc2008\projects\sp.icproj", "{594D7A78-858A-4B09-AE88-68C817B6EF61}"
EndProject
Global
	GlobalSection(SolutionConfigurationPlatforms) = preSolution
		Debug|Win32 = Debug|Win32
		Release|Win32 = Release|Win32
	EndGlobalSection
	GlobalSection(ProjectConfigurationPlatforms) = postSolution
		{70C5478D-6D53-4F75-99D4-F06373175C83}.Debug|Win32.ActiveCfg = Debug|Win32
		{70C5478D-6D53-4F75-99D4-F06373175C83}.Debug|Win32.Build.0 = Debug|Win32
		{70C5478D-6D53-4F75-99D4-F06373175C83}.Release|Win32.ActiveCfg = Release|Win32
		{70C5478D-6D53-4F75-99D4-F06373175C83}.Release|Win32.Build.0 = Release|Win32
		{6BE4297D-07CB-4155-AB16-C5AF67CB9843}.Debug|Win32.ActiveCfg = Debug|Win32
		{6BE4297D-07CB-4155-AB16-C5AF67CB9843}.Debug|Win32.Build.0 = Debug|Win32
		{6BE4297D-07CB-4155-AB16-C5AF67CB9843}.Release|Win32.ActiveCfg = Release|Win32
		{6BE4297D-07CB-4155-AB16-C5AF67CB9843}.Release|Win32.Build.0 = Release|Win32
		{D5A1565C-C421-46E9-853D-B9BE4C56F708}.Debug|Win32.ActiveCfg = Debug|Win32
		{D5A1565C-C421-46E9-853D-B9BE4C56F708}.Debug|Win32.Build.0 = Debug|Win32
		{D5A1565C-C421-46E9-853D-B9BE4C56F708}.Release|Win32.ActiveCfg = Release|Win32
		{D5A1565C-C421-46E9-853D-B9BE4C56F708}.Release|Win32.Build.0 = Release|Win32
		{17BC84E5-4CEC-4E1E-B09D-858B89643592}.Debug|Win32.ActiveCfg = Debug|Win32
		{17BC84E5-4CEC-4E1E-B09D-858B89643592}.Debug|Win32.Build.0 = Debug|Win32
		{17BC84E5-4CEC-4E1E-B09D-858B89643592}.Release|Win32.ActiveCfg = Release|Win32
		{17BC84E5-4CEC-4E1E-B09D-858B89643592}.Release|Win32.Build.0 = Release|Win32
		{62BFD3AD-27F7-4AE6-A1EB-F5E86877BB70}.Debug|Win32.ActiveCfg = Debug|Win32
		{62BFD3AD-27F7-4AE6-A1EB-F5E86877BB70}.Debug|Win32.Build.0 = Debug|Win32
		{62BFD3AD-27F7-4AE6-A1EB-F5E86877BB70}.Release|Win32.ActiveCfg = Release|Win32
		{62BFD3AD-27F7-4AE6-A1EB-F5E86877BB70}.Release|Win32.Build.0 = Release|Win32
		{8833502D-52B5-4C5C-BE5B-6C611E6F9848}.Debug|Win32.ActiveCfg = Debug|Win32
		{8833502D-52B5-4C5C-BE5B-6C611E6F9848}.Debug|Win32.Build.0 = Debug|Win32
		{8833502D-52B5-4C5C-BE5B-6C611E6F9848}.Release|Win32.ActiveCfg = Release|Win32
		{8833502D-52B5-4C5C-BE5B-6C611E6F9848}.Release|Win32.Build.0 = Release|Win32
		{08E82851-7338-42C7-831E-2CD86F65FB70}.Debug|Win32.ActiveCfg = Debug|Win32
		{08E82851-7338-42C7-831E-2CD86F65FB70}.Debug|Win32.Build.0 = Debug|Win32
		{08E82851-7338-42C7-831E-2CD86F65FB70}.Release|Win32.ActiveCfg = Release|Win32
		{08E82851-7338-42C7-831E-2CD86F65FB70}.Release|Win32.Build.0 = Release|Win32
		{4A75EE84-4487-4506-BBAB-42F1924A1DD5}.Debug|Win32.ActiveCfg = Debug|Win32
		{4A75EE84-4487-4506-BBAB-42F1924A1DD5}.Debug|Win32.Build.0 = Debug|Win32
		{4A75EE84-4487-4506-BBAB-42F1924A1DD5}.Release|Win32.ActiveCfg = Release|Win32
		{4A75EE84-4487-4506-BBAB-42F1924A1DD5}.Release|Win32.Build.0 = Release|Win32
		{594D7A78-858A-4B09-AE88-68C817B6EF61}.Debug|Win32.ActiveCfg = Debug|Win32
		{594D7A78-858A-4B09-AE88-68C817B6EF61}.Debug|Win32.Build.0 = Debug|Win32
		{594D7A78-858A-4B09-AE88-68C817B6EF61}.Release|Win32.ActiveCfg = Release|Win32
		{594D7A78-858A-4B09-AE88-68C817B6EF61}.Release|Win32.Build.0 = Release|Win32
		{2B614163-E3A3-4BCD-9933-EF59B8467868}.Debug|Win32.ActiveCfg = Debug|Win32
		{2B614163-E3A3-4BCD-9933-EF59B8467868}.Release|Win32.ActiveCfg = Release|Win32
		{EE2229A3-AD5F-46E7-AFAB-729F8AA18036}.Debug|Win32.ActiveCfg = Debug|Win32
		{EE2229A3-AD5F-46E7-AFAB-729F8AA18036}.Release|Win32.ActiveCfg = Release|Win32
		{7E538629-38A4-444D-885D-68E94E31FD07}.Debug|Win32.ActiveCfg = Debug|Win32
		{7E538629-38A4-444D-885D-68E94E31FD07}.Release|Win32.ActiveCfg = Release|Win32
		{756B6081-D174-4753-90AA-034E9276D628}.Debug|Win32.ActiveCfg = Debug|Win32
		{756B6081-D174-4753-90AA-034E9276D628}.Release|Win32.ActiveCfg = Release|Win32
		{77DBBF67-2A6C-49AF-9F70-D650D2E6354E}.Debug|Win32.ActiveCfg = Debug|Win32
		{77DBBF67-2A6C-49AF-9F70-D650D2E6354E}.Release|Win32.ActiveCfg = Release|Win32
		{E1DAE9AC-53B7-43D1-98A3-4200868DC0FB}.Debug|Win32.ActiveCfg = Debug|Win32
		{E1DAE9AC-53B7-43D1-98A3-4200868DC0FB}.Release|Win32.ActiveCfg = Release|Win32
		{5BE65A4F-3D2E-4C62-911F-E7BE16F7BB6B}.Debug|Win32.ActiveCfg = Debug|Win32
		{5BE65A4F-3D2E-4C62-911F-E7BE16F7BB6B}.Release|Win32.ActiveCfg = Release|Win32
	EndGlobalSection
	GlobalSection(SolutionProperties) = preSolution
		HideSolutionNode = FALSE
	EndGlobalSection
EndGlobal
