<?xml version="1.0" encoding="utf-8"?>
<Project ToolsVersion="4.0" xmlns="http://schemas.microsoft.com/developer/msbuild/2003">
  <ItemGroup>
    <Filter Include="components">
      <UniqueIdentifier>{4d39ba9b-26bf-49f4-9b7d-0d48c56b85e8}</UniqueIdentifier>
    </Filter>
    <Filter Include="system">
      <UniqueIdentifier>{912ad0e5-6291-4236-b242-d5f8380dbc7b}</UniqueIdentifier>
    </Filter>
    <Filter Include="render">
      <UniqueIdentifier>{27c0fe33-3dfe-42f6-85ff-7d4564535a9d}</UniqueIdentifier>
    </Filter>
  </ItemGroup>
  <ItemGroup>
    <ClInclude Include="..\..\..\include\node2\CompImage.h">
      <Filter>components</Filter>
    </ClInclude>
    <ClInclude Include="..\..\..\include\node2\CompText.h">
      <Filter>components</Filter>
    </ClInclude>
    <ClInclude Include="..\..\..\include\node2\ComponentFactory.h">
      <Filter>components</Filter>
    </ClInclude>
    <ClInclude Include="..\..\..\include\node2\DrawNode.h">
      <Filter>render</Filter>
    </ClInclude>
    <ClInclude Include="..\..\..\include\node2\CompTransform.h">
      <Filter>components</Filter>
    </ClInclude>
    <ClInclude Include="..\..\..\include\node2\predef.h" />
    <ClInclude Include="..\..\..\include\node2\config.h" />
    <ClInclude Include="..\..\..\include\node2\CompBoundingBox.h">
      <Filter>components</Filter>
    </ClInclude>
  </ItemGroup>
  <ItemGroup>
    <ClCompile Include="..\..\..\source\CompText.cpp">
      <Filter>components</Filter>
    </ClCompile>
    <ClCompile Include="..\..\..\source\ComponentFactory.cpp">
      <Filter>components</Filter>
    </ClCompile>
    <ClCompile Include="..\..\..\source\CompImage.cpp">
      <Filter>components</Filter>
    </ClCompile>
    <ClCompile Include="..\..\..\source\DrawNode.cpp">
      <Filter>render</Filter>
    </ClCompile>
    <ClCompile Include="..\..\..\source\CompTransform.cpp">
      <Filter>components</Filter>
    </ClCompile>
    <ClCompile Include="..\..\..\source\CompBoundingBox.cpp">
      <Filter>components</Filter>
    </ClCompile>
  </ItemGroup>
</Project>