
Microsoft Visual Studio Solution File, Format Version 10.00
# Visual Studio 2008
Project("{8BC9CEB8-8B4A-11D0-8D11-00A0C91BC942}") = "libeasygui", "projects\libeasygui.vcproj", "{02A5FE18-62B6-4471-953C-1650CBD6C34C}"
EndProject
Project("{8BC9CEB8-8B4A-11D0-8D11-00A0C91BC942}") = "testeasygui", "projects\testeasygui.vcproj", "{9AB30F49-3193-41E3-90AA-FF2B66B70B5F}"
	ProjectSection(ProjectDependencies) = postProject
		{02A5FE18-62B6-4471-953C-1650CBD6C34C} = {02A5FE18-62B6-4471-953C-1650CBD6C34C}
	EndProjectSection
EndProject
Global
	GlobalSection(SolutionConfigurationPlatforms) = preSolution
		Debug|Win32 = Debug|Win32
		Release|Win32 = Release|Win32
	EndGlobalSection
	GlobalSection(ProjectConfigurationPlatforms) = postSolution
		{02A5FE18-62B6-4471-953C-1650CBD6C34C}.Debug|Win32.ActiveCfg = Debug|Win32
		{02A5FE18-62B6-4471-953C-1650CBD6C34C}.Debug|Win32.Build.0 = Debug|Win32
		{02A5FE18-62B6-4471-953C-1650CBD6C34C}.Release|Win32.ActiveCfg = Release|Win32
		{02A5FE18-62B6-4471-953C-1650CBD6C34C}.Release|Win32.Build.0 = Release|Win32
		{9AB30F49-3193-41E3-90AA-FF2B66B70B5F}.Debug|Win32.ActiveCfg = Debug|Win32
		{9AB30F49-3193-41E3-90AA-FF2B66B70B5F}.Debug|Win32.Build.0 = Debug|Win32
		{9AB30F49-3193-41E3-90AA-FF2B66B70B5F}.Release|Win32.ActiveCfg = Release|Win32
		{9AB30F49-3193-41E3-90AA-FF2B66B70B5F}.Release|Win32.Build.0 = Release|Win32
	EndGlobalSection
	GlobalSection(SolutionProperties) = preSolution
		HideSolutionNode = FALSE
	EndGlobalSection
EndGlobal
