
Microsoft Visual Studio Solution File, Format Version 10.00
# Visual Studio 2008
Project("{8BC9CEB8-8B4A-11D0-8D11-00A0C91BC942}") = "libdrag2d", "..\drag2d\platform\msvc2008\projects\libdrag2d.vcproj", "{E69A7CDE-521A-45B5-B776-AD16F72F6A07}"
EndProject
Project("{8BC9CEB8-8B4A-11D0-8D11-00A0C91BC942}") = "libanim", "..\easyanim\platform\msvc2008\projects\libanim.vcproj", "{E1CFC0B9-F8A8-4F14-930A-E88A436FC038}"
EndProject
Project("{8BC9CEB8-8B4A-11D0-8D11-00A0C91BC942}") = "libbuilder", "..\easybuilder\platform\msvc2008\projects\libbuilder.vcproj", "{11082ADE-13CA-49C7-9F6D-C82F69333AD7}"
EndProject
Project("{8BC9CEB8-8B4A-11D0-8D11-00A0C91BC942}") = "easycomplex", "..\easycomplex\platform\msvc2008\projects\easycomplex.vcproj", "{A166A4B0-7A3C-47DE-87DA-9FD986751525}"
	ProjectSection(ProjectDependencies) = postProject
		{B2E0DE06-ACE8-4C69-8966-C81ED5686FCA} = {B2E0DE06-ACE8-4C69-8966-C81ED5686FCA}
		{E5B2631F-C25D-4253-A9CB-A57EF357B004} = {E5B2631F-C25D-4253-A9CB-A57EF357B004}
		{D41C0B3E-F0A0-4A1F-A568-0100C839406C} = {D41C0B3E-F0A0-4A1F-A568-0100C839406C}
		{5F4CBA3E-B2B5-46D5-A1D2-77AB16DFD909} = {5F4CBA3E-B2B5-46D5-A1D2-77AB16DFD909}
		{1C3B5344-2217-44F5-B5F0-A551B7B5AB38} = {1C3B5344-2217-44F5-B5F0-A551B7B5AB38}
		{C1A2E85C-CF62-46A9-B46C-DFA12EC725E7} = {C1A2E85C-CF62-46A9-B46C-DFA12EC725E7}
		{E1CFC0B9-F8A8-4F14-930A-E88A436FC038} = {E1CFC0B9-F8A8-4F14-930A-E88A436FC038}
		{9DC03BCC-3C8C-4BB8-8811-336F295DF7E2} = {9DC03BCC-3C8C-4BB8-8811-336F295DF7E2}
		{11082ADE-13CA-49C7-9F6D-C82F69333AD7} = {11082ADE-13CA-49C7-9F6D-C82F69333AD7}
		{E69A7CDE-521A-45B5-B776-AD16F72F6A07} = {E69A7CDE-521A-45B5-B776-AD16F72F6A07}
		{54C54BE5-7708-41F3-9375-8BA4B9AA983C} = {54C54BE5-7708-41F3-9375-8BA4B9AA983C}
	EndProjectSection
EndProject
Project("{8BC9CEB8-8B4A-11D0-8D11-00A0C91BC942}") = "libcomplex", "..\easycomplex\platform\msvc2008\projects\libcomplex.vcproj", "{5F4CBA3E-B2B5-46D5-A1D2-77AB16DFD909}"
	ProjectSection(ProjectDependencies) = postProject
		{1C3B5344-2217-44F5-B5F0-A551B7B5AB38} = {1C3B5344-2217-44F5-B5F0-A551B7B5AB38}
	EndProjectSection
EndProject
Project("{8BC9CEB8-8B4A-11D0-8D11-00A0C91BC942}") = "libshape", "..\easyshape\platform\msvc2008\projects\libshape.vcproj", "{C1A2E85C-CF62-46A9-B46C-DFA12EC725E7}"
EndProject
Project("{8BC9CEB8-8B4A-11D0-8D11-00A0C91BC942}") = "libmesh", "..\easymesh\platform\msvc2008\projects\libmesh.vcproj", "{9DC03BCC-3C8C-4BB8-8811-336F295DF7E2}"
EndProject
Project("{8BC9CEB8-8B4A-11D0-8D11-00A0C91BC942}") = "libparticle3d", "..\easyparticle3d\platform\msvc2008\projects\libparticle3d.vcproj", "{B2E0DE06-ACE8-4C69-8966-C81ED5686FCA}"
EndProject
Project("{8BC9CEB8-8B4A-11D0-8D11-00A0C91BC942}") = "libscale9", "..\easyscale9\platform\msvc2008\projects\libscale9.vcproj", "{E5B2631F-C25D-4253-A9CB-A57EF357B004}"
EndProject
Project("{8BC9CEB8-8B4A-11D0-8D11-00A0C91BC942}") = "libimage", "..\easyimage\platform\msvc2008\projects\libimage.vcproj", "{D41C0B3E-F0A0-4A1F-A568-0100C839406C}"
EndProject
Project("{8BC9CEB8-8B4A-11D0-8D11-00A0C91BC942}") = "libcoco", "..\coceditor\platform\msvc2008\projects\libcoco.vcproj", "{1C3B5344-2217-44F5-B5F0-A551B7B5AB38}"
EndProject
Project("{8BC9CEB8-8B4A-11D0-8D11-00A0C91BC942}") = "easyparticle3d", "..\easyparticle3d\platform\msvc2008\projects\easyparticle3d.vcproj", "{9BEDF205-2842-42B4-9B95-7C0C4D5A34D7}"
	ProjectSection(ProjectDependencies) = postProject
		{B2E0DE06-ACE8-4C69-8966-C81ED5686FCA} = {B2E0DE06-ACE8-4C69-8966-C81ED5686FCA}
		{E5B2631F-C25D-4253-A9CB-A57EF357B004} = {E5B2631F-C25D-4253-A9CB-A57EF357B004}
		{D41C0B3E-F0A0-4A1F-A568-0100C839406C} = {D41C0B3E-F0A0-4A1F-A568-0100C839406C}
		{5F4CBA3E-B2B5-46D5-A1D2-77AB16DFD909} = {5F4CBA3E-B2B5-46D5-A1D2-77AB16DFD909}
		{E1CFC0B9-F8A8-4F14-930A-E88A436FC038} = {E1CFC0B9-F8A8-4F14-930A-E88A436FC038}
		{11082ADE-13CA-49C7-9F6D-C82F69333AD7} = {11082ADE-13CA-49C7-9F6D-C82F69333AD7}
		{E69A7CDE-521A-45B5-B776-AD16F72F6A07} = {E69A7CDE-521A-45B5-B776-AD16F72F6A07}
	EndProjectSection
EndProject
Project("{8BC9CEB8-8B4A-11D0-8D11-00A0C91BC942}") = "easyparticle2d", "..\easyparticle2d\platform\msvc2008\projects\easyparticle2d.vcproj", "{6815C211-C2CF-40A8-B032-CE25E11F6221}"
	ProjectSection(ProjectDependencies) = postProject
		{E5B2631F-C25D-4253-A9CB-A57EF357B004} = {E5B2631F-C25D-4253-A9CB-A57EF357B004}
		{D41C0B3E-F0A0-4A1F-A568-0100C839406C} = {D41C0B3E-F0A0-4A1F-A568-0100C839406C}
		{5F4CBA3E-B2B5-46D5-A1D2-77AB16DFD909} = {5F4CBA3E-B2B5-46D5-A1D2-77AB16DFD909}
		{E1CFC0B9-F8A8-4F14-930A-E88A436FC038} = {E1CFC0B9-F8A8-4F14-930A-E88A436FC038}
		{E69A7CDE-521A-45B5-B776-AD16F72F6A07} = {E69A7CDE-521A-45B5-B776-AD16F72F6A07}
		{54C54BE5-7708-41F3-9375-8BA4B9AA983C} = {54C54BE5-7708-41F3-9375-8BA4B9AA983C}
	EndProjectSection
EndProject
Project("{8BC9CEB8-8B4A-11D0-8D11-00A0C91BC942}") = "libparticle2d", "..\easyparticle2d\platform\msvc2008\projects\libparticle2d.vcproj", "{54C54BE5-7708-41F3-9375-8BA4B9AA983C}"
	ProjectSection(ProjectDependencies) = postProject
		{11082ADE-13CA-49C7-9F6D-C82F69333AD7} = {11082ADE-13CA-49C7-9F6D-C82F69333AD7}
	EndProjectSection
EndProject
Project("{8BC9CEB8-8B4A-11D0-8D11-00A0C91BC942}") = "easyanimation", "..\easyanim\platform\msvc2008\projects\easyanimation.vcproj", "{BBF6F009-A0EB-4F62-9579-5FC05DECCBE7}"
	ProjectSection(ProjectDependencies) = postProject
		{E5B2631F-C25D-4253-A9CB-A57EF357B004} = {E5B2631F-C25D-4253-A9CB-A57EF357B004}
		{D41C0B3E-F0A0-4A1F-A568-0100C839406C} = {D41C0B3E-F0A0-4A1F-A568-0100C839406C}
		{5F4CBA3E-B2B5-46D5-A1D2-77AB16DFD909} = {5F4CBA3E-B2B5-46D5-A1D2-77AB16DFD909}
		{C1A2E85C-CF62-46A9-B46C-DFA12EC725E7} = {C1A2E85C-CF62-46A9-B46C-DFA12EC725E7}
		{624AAC9C-FC9B-406B-BF88-CE256A1CB98F} = {624AAC9C-FC9B-406B-BF88-CE256A1CB98F}
		{E1CFC0B9-F8A8-4F14-930A-E88A436FC038} = {E1CFC0B9-F8A8-4F14-930A-E88A436FC038}
		{9DC03BCC-3C8C-4BB8-8811-336F295DF7E2} = {9DC03BCC-3C8C-4BB8-8811-336F295DF7E2}
		{11082ADE-13CA-49C7-9F6D-C82F69333AD7} = {11082ADE-13CA-49C7-9F6D-C82F69333AD7}
		{E69A7CDE-521A-45B5-B776-AD16F72F6A07} = {E69A7CDE-521A-45B5-B776-AD16F72F6A07}
	EndProjectSection
EndProject
Project("{EAF909A5-FA59-4C3D-9431-0FCC20D5BCF9}") = "libgif", "..\libgif\libgif\libgif.icproj", "{624AAC9C-FC9B-406B-BF88-CE256A1CB98F}"
EndProject
Project("{8BC9CEB8-8B4A-11D0-8D11-00A0C91BC942}") = "easydb_cl", "..\easydb\platform\msvc2008\projects\easydb_cl.vcproj", "{F05FF76F-096A-4AA7-86B1-4D0101C55699}"
	ProjectSection(ProjectDependencies) = postProject
		{B2E0DE06-ACE8-4C69-8966-C81ED5686FCA} = {B2E0DE06-ACE8-4C69-8966-C81ED5686FCA}
		{E5B2631F-C25D-4253-A9CB-A57EF357B004} = {E5B2631F-C25D-4253-A9CB-A57EF357B004}
		{E66ECF2B-05F4-42CC-91B2-B6F8604CA1A8} = {E66ECF2B-05F4-42CC-91B2-B6F8604CA1A8}
		{D41C0B3E-F0A0-4A1F-A568-0100C839406C} = {D41C0B3E-F0A0-4A1F-A568-0100C839406C}
		{5F4CBA3E-B2B5-46D5-A1D2-77AB16DFD909} = {5F4CBA3E-B2B5-46D5-A1D2-77AB16DFD909}
		{C1A2E85C-CF62-46A9-B46C-DFA12EC725E7} = {C1A2E85C-CF62-46A9-B46C-DFA12EC725E7}
		{2A423B83-D582-49BA-A45F-E27148099850} = {2A423B83-D582-49BA-A45F-E27148099850}
		{AAD82BAC-510C-4571-A420-5AE5EE7E29D6} = {AAD82BAC-510C-4571-A420-5AE5EE7E29D6}
		{E1CFC0B9-F8A8-4F14-930A-E88A436FC038} = {E1CFC0B9-F8A8-4F14-930A-E88A436FC038}
		{11082ADE-13CA-49C7-9F6D-C82F69333AD7} = {11082ADE-13CA-49C7-9F6D-C82F69333AD7}
		{E69A7CDE-521A-45B5-B776-AD16F72F6A07} = {E69A7CDE-521A-45B5-B776-AD16F72F6A07}
		{54C54BE5-7708-41F3-9375-8BA4B9AA983C} = {54C54BE5-7708-41F3-9375-8BA4B9AA983C}
	EndProjectSection
EndProject
Project("{8BC9CEB8-8B4A-11D0-8D11-00A0C91BC942}") = "glfw", "..\easydb\src\glfw\glfw.vcproj", "{2A423B83-D582-49BA-A45F-E27148099850}"
EndProject
Project("{8BC9CEB8-8B4A-11D0-8D11-00A0C91BC942}") = "easymesh", "..\easymesh\platform\msvc2008\projects\easymesh.vcproj", "{EAD5B5DF-3249-4935-8351-D4A69C4F1B51}"
	ProjectSection(ProjectDependencies) = postProject
		{D41C0B3E-F0A0-4A1F-A568-0100C839406C} = {D41C0B3E-F0A0-4A1F-A568-0100C839406C}
		{C1A2E85C-CF62-46A9-B46C-DFA12EC725E7} = {C1A2E85C-CF62-46A9-B46C-DFA12EC725E7}
		{9DC03BCC-3C8C-4BB8-8811-336F295DF7E2} = {9DC03BCC-3C8C-4BB8-8811-336F295DF7E2}
		{E69A7CDE-521A-45B5-B776-AD16F72F6A07} = {E69A7CDE-521A-45B5-B776-AD16F72F6A07}
	EndProjectSection
EndProject
Project("{8BC9CEB8-8B4A-11D0-8D11-00A0C91BC942}") = "easyimage", "..\easyimage\platform\msvc2008\projects\easyimage.vcproj", "{34069E21-CE51-4420-A745-579D3EF0406E}"
	ProjectSection(ProjectDependencies) = postProject
		{D41C0B3E-F0A0-4A1F-A568-0100C839406C} = {D41C0B3E-F0A0-4A1F-A568-0100C839406C}
		{5F4CBA3E-B2B5-46D5-A1D2-77AB16DFD909} = {5F4CBA3E-B2B5-46D5-A1D2-77AB16DFD909}
		{C1A2E85C-CF62-46A9-B46C-DFA12EC725E7} = {C1A2E85C-CF62-46A9-B46C-DFA12EC725E7}
		{E69A7CDE-521A-45B5-B776-AD16F72F6A07} = {E69A7CDE-521A-45B5-B776-AD16F72F6A07}
	EndProjectSection
EndProject
Project("{8BC9CEB8-8B4A-11D0-8D11-00A0C91BC942}") = "libmodeling", "..\easymodeling\platform\msvc2008\projects\libmodeling.vcproj", "{2E27AFD7-BDC5-464C-A0A8-15D3665FD13D}"
EndProject
Project("{8BC9CEB8-8B4A-11D0-8D11-00A0C91BC942}") = "easymodeling", "..\easymodeling\platform\msvc2008\projects\easymodeling.vcproj", "{753CFBD6-4C2A-43F9-9453-B1BE89FE1EEF}"
	ProjectSection(ProjectDependencies) = postProject
		{D41C0B3E-F0A0-4A1F-A568-0100C839406C} = {D41C0B3E-F0A0-4A1F-A568-0100C839406C}
		{C1A2E85C-CF62-46A9-B46C-DFA12EC725E7} = {C1A2E85C-CF62-46A9-B46C-DFA12EC725E7}
		{126F1AA2-182E-4F85-B77E-AAB86C6E2FB6} = {126F1AA2-182E-4F85-B77E-AAB86C6E2FB6}
		{2E27AFD7-BDC5-464C-A0A8-15D3665FD13D} = {2E27AFD7-BDC5-464C-A0A8-15D3665FD13D}
		{11082ADE-13CA-49C7-9F6D-C82F69333AD7} = {11082ADE-13CA-49C7-9F6D-C82F69333AD7}
		{E69A7CDE-521A-45B5-B776-AD16F72F6A07} = {E69A7CDE-521A-45B5-B776-AD16F72F6A07}
	EndProjectSection
EndProject
Project("{8BC9CEB8-8B4A-11D0-8D11-00A0C91BC942}") = "easyshape_new", "..\easyshape\platform\msvc2008\projects\easyshape_new.vcproj", "{D6627E9A-314A-4554-AB5C-C8BF6151148D}"
	ProjectSection(ProjectDependencies) = postProject
		{D41C0B3E-F0A0-4A1F-A568-0100C839406C} = {D41C0B3E-F0A0-4A1F-A568-0100C839406C}
		{C1A2E85C-CF62-46A9-B46C-DFA12EC725E7} = {C1A2E85C-CF62-46A9-B46C-DFA12EC725E7}
		{E69A7CDE-521A-45B5-B776-AD16F72F6A07} = {E69A7CDE-521A-45B5-B776-AD16F72F6A07}
	EndProjectSection
EndProject
Project("{8BC9CEB8-8B4A-11D0-8D11-00A0C91BC942}") = "libphysics", "..\easyphysics\platform\msvc2008\projects\easyphysics.vcproj", "{126F1AA2-182E-4F85-B77E-AAB86C6E2FB6}"
EndProject
Project("{8BC9CEB8-8B4A-11D0-8D11-00A0C91BC942}") = "easypacker", "..\easypacker\platform\msvc2008\projects\easypacker.vcproj", "{A9FB8F26-50DE-43E1-B6E9-4264EA4A9A8F}"
	ProjectSection(ProjectDependencies) = postProject
		{E66ECF2B-05F4-42CC-91B2-B6F8604CA1A8} = {E66ECF2B-05F4-42CC-91B2-B6F8604CA1A8}
		{D41C0B3E-F0A0-4A1F-A568-0100C839406C} = {D41C0B3E-F0A0-4A1F-A568-0100C839406C}
		{C1A2E85C-CF62-46A9-B46C-DFA12EC725E7} = {C1A2E85C-CF62-46A9-B46C-DFA12EC725E7}
		{126F1AA2-182E-4F85-B77E-AAB86C6E2FB6} = {126F1AA2-182E-4F85-B77E-AAB86C6E2FB6}
		{11082ADE-13CA-49C7-9F6D-C82F69333AD7} = {11082ADE-13CA-49C7-9F6D-C82F69333AD7}
		{E69A7CDE-521A-45B5-B776-AD16F72F6A07} = {E69A7CDE-521A-45B5-B776-AD16F72F6A07}
	EndProjectSection
EndProject
Project("{8BC9CEB8-8B4A-11D0-8D11-00A0C91BC942}") = "libpacker", "..\easypacker\platform\msvc2008\projects\libpacker.vcproj", "{E66ECF2B-05F4-42CC-91B2-B6F8604CA1A8}"
EndProject
Project("{8BC9CEB8-8B4A-11D0-8D11-00A0C91BC942}") = "librender", "..\easyrender\platform\msvc2008\projects\easyrender.vcproj", "{A0E879BC-7449-41DD-88DA-07909827D497}"
EndProject
Project("{8BC9CEB8-8B4A-11D0-8D11-00A0C91BC942}") = "cocpackage", "..\coceditor\platform\msvc2008\projects\cocpackage.vcproj", "{FCA6AAA8-4181-44CB-8AEE-9121EF2C35D3}"
	ProjectSection(ProjectDependencies) = postProject
		{E5B2631F-C25D-4253-A9CB-A57EF357B004} = {E5B2631F-C25D-4253-A9CB-A57EF357B004}
		{D41C0B3E-F0A0-4A1F-A568-0100C839406C} = {D41C0B3E-F0A0-4A1F-A568-0100C839406C}
		{5F4CBA3E-B2B5-46D5-A1D2-77AB16DFD909} = {5F4CBA3E-B2B5-46D5-A1D2-77AB16DFD909}
		{1C3B5344-2217-44F5-B5F0-A551B7B5AB38} = {1C3B5344-2217-44F5-B5F0-A551B7B5AB38}
		{C1A2E85C-CF62-46A9-B46C-DFA12EC725E7} = {C1A2E85C-CF62-46A9-B46C-DFA12EC725E7}
		{E1CFC0B9-F8A8-4F14-930A-E88A436FC038} = {E1CFC0B9-F8A8-4F14-930A-E88A436FC038}
		{9DC03BCC-3C8C-4BB8-8811-336F295DF7E2} = {9DC03BCC-3C8C-4BB8-8811-336F295DF7E2}
		{11082ADE-13CA-49C7-9F6D-C82F69333AD7} = {11082ADE-13CA-49C7-9F6D-C82F69333AD7}
		{E69A7CDE-521A-45B5-B776-AD16F72F6A07} = {E69A7CDE-521A-45B5-B776-AD16F72F6A07}
	EndProjectSection
EndProject
Project("{8BC9CEB8-8B4A-11D0-8D11-00A0C91BC942}") = "libepbin", "..\epbin\platform\msvc2008\projects\libepbin.vcproj", "{AAD82BAC-510C-4571-A420-5AE5EE7E29D6}"
EndProject
Project("{8BC9CEB8-8B4A-11D0-8D11-00A0C91BC942}") = "epbin", "..\epbin\platform\msvc2008\projects\epbin.vcproj", "{75D71727-132D-4BA3-A770-30F6EF459C76}"
	ProjectSection(ProjectDependencies) = postProject
		{AAD82BAC-510C-4571-A420-5AE5EE7E29D6} = {AAD82BAC-510C-4571-A420-5AE5EE7E29D6}
	EndProjectSection
EndProject
Global
	GlobalSection(SolutionConfigurationPlatforms) = preSolution
		Debug|Win32 = Debug|Win32
		Release|Win32 = Release|Win32
	EndGlobalSection
	GlobalSection(ProjectConfigurationPlatforms) = postSolution
		{E69A7CDE-521A-45B5-B776-AD16F72F6A07}.Debug|Win32.ActiveCfg = Debug|Win32
		{E69A7CDE-521A-45B5-B776-AD16F72F6A07}.Debug|Win32.Build.0 = Debug|Win32
		{E69A7CDE-521A-45B5-B776-AD16F72F6A07}.Release|Win32.ActiveCfg = Release|Win32
		{E69A7CDE-521A-45B5-B776-AD16F72F6A07}.Release|Win32.Build.0 = Release|Win32
		{E1CFC0B9-F8A8-4F14-930A-E88A436FC038}.Debug|Win32.ActiveCfg = Debug|Win32
		{E1CFC0B9-F8A8-4F14-930A-E88A436FC038}.Debug|Win32.Build.0 = Debug|Win32
		{E1CFC0B9-F8A8-4F14-930A-E88A436FC038}.Release|Win32.ActiveCfg = Release|Win32
		{E1CFC0B9-F8A8-4F14-930A-E88A436FC038}.Release|Win32.Build.0 = Release|Win32
		{11082ADE-13CA-49C7-9F6D-C82F69333AD7}.Debug|Win32.ActiveCfg = Debug|Win32
		{11082ADE-13CA-49C7-9F6D-C82F69333AD7}.Debug|Win32.Build.0 = Debug|Win32
		{11082ADE-13CA-49C7-9F6D-C82F69333AD7}.Release|Win32.ActiveCfg = Release|Win32
		{11082ADE-13CA-49C7-9F6D-C82F69333AD7}.Release|Win32.Build.0 = Release|Win32
		{A166A4B0-7A3C-47DE-87DA-9FD986751525}.Debug|Win32.ActiveCfg = Debug|Win32
		{A166A4B0-7A3C-47DE-87DA-9FD986751525}.Debug|Win32.Build.0 = Debug|Win32
		{A166A4B0-7A3C-47DE-87DA-9FD986751525}.Release|Win32.ActiveCfg = Release|Win32
		{A166A4B0-7A3C-47DE-87DA-9FD986751525}.Release|Win32.Build.0 = Release|Win32
		{5F4CBA3E-B2B5-46D5-A1D2-77AB16DFD909}.Debug|Win32.ActiveCfg = Debug|Win32
		{5F4CBA3E-B2B5-46D5-A1D2-77AB16DFD909}.Debug|Win32.Build.0 = Debug|Win32
		{5F4CBA3E-B2B5-46D5-A1D2-77AB16DFD909}.Release|Win32.ActiveCfg = Release|Win32
		{5F4CBA3E-B2B5-46D5-A1D2-77AB16DFD909}.Release|Win32.Build.0 = Release|Win32
		{C1A2E85C-CF62-46A9-B46C-DFA12EC725E7}.Debug|Win32.ActiveCfg = Debug|Win32
		{C1A2E85C-CF62-46A9-B46C-DFA12EC725E7}.Debug|Win32.Build.0 = Debug|Win32
		{C1A2E85C-CF62-46A9-B46C-DFA12EC725E7}.Release|Win32.ActiveCfg = Release|Win32
		{C1A2E85C-CF62-46A9-B46C-DFA12EC725E7}.Release|Win32.Build.0 = Release|Win32
		{9DC03BCC-3C8C-4BB8-8811-336F295DF7E2}.Debug|Win32.ActiveCfg = Debug|Win32
		{9DC03BCC-3C8C-4BB8-8811-336F295DF7E2}.Debug|Win32.Build.0 = Debug|Win32
		{9DC03BCC-3C8C-4BB8-8811-336F295DF7E2}.Release|Win32.ActiveCfg = Release|Win32
		{9DC03BCC-3C8C-4BB8-8811-336F295DF7E2}.Release|Win32.Build.0 = Release|Win32
		{B2E0DE06-ACE8-4C69-8966-C81ED5686FCA}.Debug|Win32.ActiveCfg = Debug|Win32
		{B2E0DE06-ACE8-4C69-8966-C81ED5686FCA}.Debug|Win32.Build.0 = Debug|Win32
		{B2E0DE06-ACE8-4C69-8966-C81ED5686FCA}.Release|Win32.ActiveCfg = Release|Win32
		{B2E0DE06-ACE8-4C69-8966-C81ED5686FCA}.Release|Win32.Build.0 = Release|Win32
		{E5B2631F-C25D-4253-A9CB-A57EF357B004}.Debug|Win32.ActiveCfg = Debug|Win32
		{E5B2631F-C25D-4253-A9CB-A57EF357B004}.Debug|Win32.Build.0 = Debug|Win32
		{E5B2631F-C25D-4253-A9CB-A57EF357B004}.Release|Win32.ActiveCfg = Release|Win32
		{E5B2631F-C25D-4253-A9CB-A57EF357B004}.Release|Win32.Build.0 = Release|Win32
		{D41C0B3E-F0A0-4A1F-A568-0100C839406C}.Debug|Win32.ActiveCfg = Debug|Win32
		{D41C0B3E-F0A0-4A1F-A568-0100C839406C}.Debug|Win32.Build.0 = Debug|Win32
		{D41C0B3E-F0A0-4A1F-A568-0100C839406C}.Release|Win32.ActiveCfg = Release|Win32
		{D41C0B3E-F0A0-4A1F-A568-0100C839406C}.Release|Win32.Build.0 = Release|Win32
		{1C3B5344-2217-44F5-B5F0-A551B7B5AB38}.Debug|Win32.ActiveCfg = Debug|Win32
		{1C3B5344-2217-44F5-B5F0-A551B7B5AB38}.Debug|Win32.Build.0 = Debug|Win32
		{1C3B5344-2217-44F5-B5F0-A551B7B5AB38}.Release|Win32.ActiveCfg = Release|Win32
		{1C3B5344-2217-44F5-B5F0-A551B7B5AB38}.Release|Win32.Build.0 = Release|Win32
		{9BEDF205-2842-42B4-9B95-7C0C4D5A34D7}.Debug|Win32.ActiveCfg = Debug|Win32
		{9BEDF205-2842-42B4-9B95-7C0C4D5A34D7}.Debug|Win32.Build.0 = Debug|Win32
		{9BEDF205-2842-42B4-9B95-7C0C4D5A34D7}.Release|Win32.ActiveCfg = Release|Win32
		{9BEDF205-2842-42B4-9B95-7C0C4D5A34D7}.Release|Win32.Build.0 = Release|Win32
		{6815C211-C2CF-40A8-B032-CE25E11F6221}.Debug|Win32.ActiveCfg = Debug|Win32
		{6815C211-C2CF-40A8-B032-CE25E11F6221}.Debug|Win32.Build.0 = Debug|Win32
		{6815C211-C2CF-40A8-B032-CE25E11F6221}.Release|Win32.ActiveCfg = Release|Win32
		{6815C211-C2CF-40A8-B032-CE25E11F6221}.Release|Win32.Build.0 = Release|Win32
		{54C54BE5-7708-41F3-9375-8BA4B9AA983C}.Debug|Win32.ActiveCfg = Debug|Win32
		{54C54BE5-7708-41F3-9375-8BA4B9AA983C}.Debug|Win32.Build.0 = Debug|Win32
		{54C54BE5-7708-41F3-9375-8BA4B9AA983C}.Release|Win32.ActiveCfg = Release|Win32
		{54C54BE5-7708-41F3-9375-8BA4B9AA983C}.Release|Win32.Build.0 = Release|Win32
		{BBF6F009-A0EB-4F62-9579-5FC05DECCBE7}.Debug|Win32.ActiveCfg = Debug|Win32
		{BBF6F009-A0EB-4F62-9579-5FC05DECCBE7}.Debug|Win32.Build.0 = Debug|Win32
		{BBF6F009-A0EB-4F62-9579-5FC05DECCBE7}.Release|Win32.ActiveCfg = Release|Win32
		{BBF6F009-A0EB-4F62-9579-5FC05DECCBE7}.Release|Win32.Build.0 = Release|Win32
		{624AAC9C-FC9B-406B-BF88-CE256A1CB98F}.Debug|Win32.ActiveCfg = Debug|Win32
		{624AAC9C-FC9B-406B-BF88-CE256A1CB98F}.Debug|Win32.Build.0 = Debug|Win32
		{624AAC9C-FC9B-406B-BF88-CE256A1CB98F}.Release|Win32.ActiveCfg = Release|Win32
		{624AAC9C-FC9B-406B-BF88-CE256A1CB98F}.Release|Win32.Build.0 = Release|Win32
		{F05FF76F-096A-4AA7-86B1-4D0101C55699}.Debug|Win32.ActiveCfg = Debug|Win32
		{F05FF76F-096A-4AA7-86B1-4D0101C55699}.Debug|Win32.Build.0 = Debug|Win32
		{F05FF76F-096A-4AA7-86B1-4D0101C55699}.Release|Win32.ActiveCfg = Release|Win32
		{F05FF76F-096A-4AA7-86B1-4D0101C55699}.Release|Win32.Build.0 = Release|Win32
		{2A423B83-D582-49BA-A45F-E27148099850}.Debug|Win32.ActiveCfg = Debug|Win32
		{2A423B83-D582-49BA-A45F-E27148099850}.Debug|Win32.Build.0 = Debug|Win32
		{2A423B83-D582-49BA-A45F-E27148099850}.Release|Win32.ActiveCfg = Release|Win32
		{2A423B83-D582-49BA-A45F-E27148099850}.Release|Win32.Build.0 = Release|Win32
		{EAD5B5DF-3249-4935-8351-D4A69C4F1B51}.Debug|Win32.ActiveCfg = Debug|Win32
		{EAD5B5DF-3249-4935-8351-D4A69C4F1B51}.Debug|Win32.Build.0 = Debug|Win32
		{EAD5B5DF-3249-4935-8351-D4A69C4F1B51}.Release|Win32.ActiveCfg = Release|Win32
		{EAD5B5DF-3249-4935-8351-D4A69C4F1B51}.Release|Win32.Build.0 = Release|Win32
		{34069E21-CE51-4420-A745-579D3EF0406E}.Debug|Win32.ActiveCfg = Debug|Win32
		{34069E21-CE51-4420-A745-579D3EF0406E}.Debug|Win32.Build.0 = Debug|Win32
		{34069E21-CE51-4420-A745-579D3EF0406E}.Release|Win32.ActiveCfg = Release|Win32
		{34069E21-CE51-4420-A745-579D3EF0406E}.Release|Win32.Build.0 = Release|Win32
		{2E27AFD7-BDC5-464C-A0A8-15D3665FD13D}.Debug|Win32.ActiveCfg = Debug|Win32
		{2E27AFD7-BDC5-464C-A0A8-15D3665FD13D}.Debug|Win32.Build.0 = Debug|Win32
		{2E27AFD7-BDC5-464C-A0A8-15D3665FD13D}.Release|Win32.ActiveCfg = Release|Win32
		{2E27AFD7-BDC5-464C-A0A8-15D3665FD13D}.Release|Win32.Build.0 = Release|Win32
		{753CFBD6-4C2A-43F9-9453-B1BE89FE1EEF}.Debug|Win32.ActiveCfg = Debug|Win32
		{753CFBD6-4C2A-43F9-9453-B1BE89FE1EEF}.Debug|Win32.Build.0 = Debug|Win32
		{753CFBD6-4C2A-43F9-9453-B1BE89FE1EEF}.Release|Win32.ActiveCfg = Release|Win32
		{753CFBD6-4C2A-43F9-9453-B1BE89FE1EEF}.Release|Win32.Build.0 = Release|Win32
		{D6627E9A-314A-4554-AB5C-C8BF6151148D}.Debug|Win32.ActiveCfg = Debug|Win32
		{D6627E9A-314A-4554-AB5C-C8BF6151148D}.Debug|Win32.Build.0 = Debug|Win32
		{D6627E9A-314A-4554-AB5C-C8BF6151148D}.Release|Win32.ActiveCfg = Release|Win32
		{D6627E9A-314A-4554-AB5C-C8BF6151148D}.Release|Win32.Build.0 = Release|Win32
		{126F1AA2-182E-4F85-B77E-AAB86C6E2FB6}.Debug|Win32.ActiveCfg = Debug|Win32
		{126F1AA2-182E-4F85-B77E-AAB86C6E2FB6}.Debug|Win32.Build.0 = Debug|Win32
		{126F1AA2-182E-4F85-B77E-AAB86C6E2FB6}.Release|Win32.ActiveCfg = Release|Win32
		{126F1AA2-182E-4F85-B77E-AAB86C6E2FB6}.Release|Win32.Build.0 = Release|Win32
		{A9FB8F26-50DE-43E1-B6E9-4264EA4A9A8F}.Debug|Win32.ActiveCfg = Debug|Win32
		{A9FB8F26-50DE-43E1-B6E9-4264EA4A9A8F}.Debug|Win32.Build.0 = Debug|Win32
		{A9FB8F26-50DE-43E1-B6E9-4264EA4A9A8F}.Release|Win32.ActiveCfg = Release|Win32
		{A9FB8F26-50DE-43E1-B6E9-4264EA4A9A8F}.Release|Win32.Build.0 = Release|Win32
		{E66ECF2B-05F4-42CC-91B2-B6F8604CA1A8}.Debug|Win32.ActiveCfg = Debug|Win32
		{E66ECF2B-05F4-42CC-91B2-B6F8604CA1A8}.Debug|Win32.Build.0 = Debug|Win32
		{E66ECF2B-05F4-42CC-91B2-B6F8604CA1A8}.Release|Win32.ActiveCfg = Release|Win32
		{E66ECF2B-05F4-42CC-91B2-B6F8604CA1A8}.Release|Win32.Build.0 = Release|Win32
		{A0E879BC-7449-41DD-88DA-07909827D497}.Debug|Win32.ActiveCfg = Debug|Win32
		{A0E879BC-7449-41DD-88DA-07909827D497}.Debug|Win32.Build.0 = Debug|Win32
		{A0E879BC-7449-41DD-88DA-07909827D497}.Release|Win32.ActiveCfg = Release|Win32
		{A0E879BC-7449-41DD-88DA-07909827D497}.Release|Win32.Build.0 = Release|Win32
		{FCA6AAA8-4181-44CB-8AEE-9121EF2C35D3}.Debug|Win32.ActiveCfg = Debug|Win32
		{FCA6AAA8-4181-44CB-8AEE-9121EF2C35D3}.Debug|Win32.Build.0 = Debug|Win32
		{FCA6AAA8-4181-44CB-8AEE-9121EF2C35D3}.Release|Win32.ActiveCfg = Release|Win32
		{FCA6AAA8-4181-44CB-8AEE-9121EF2C35D3}.Release|Win32.Build.0 = Release|Win32
		{6F87D73F-537F-4929-85FE-A75BC6F4C38E}.Debug|Win32.ActiveCfg = Debug|Win32
		{6F87D73F-537F-4929-85FE-A75BC6F4C38E}.Debug|Win32.Build.0 = Debug|Win32
		{6F87D73F-537F-4929-85FE-A75BC6F4C38E}.Release|Win32.ActiveCfg = Release|Win32
		{6F87D73F-537F-4929-85FE-A75BC6F4C38E}.Release|Win32.Build.0 = Release|Win32
		{AAD82BAC-510C-4571-A420-5AE5EE7E29D6}.Debug|Win32.ActiveCfg = Debug|Win32
		{AAD82BAC-510C-4571-A420-5AE5EE7E29D6}.Debug|Win32.Build.0 = Debug|Win32
		{AAD82BAC-510C-4571-A420-5AE5EE7E29D6}.Release|Win32.ActiveCfg = Release|Win32
		{AAD82BAC-510C-4571-A420-5AE5EE7E29D6}.Release|Win32.Build.0 = Release|Win32
		{75D71727-132D-4BA3-A770-30F6EF459C76}.Debug|Win32.ActiveCfg = Debug|Win32
		{75D71727-132D-4BA3-A770-30F6EF459C76}.Debug|Win32.Build.0 = Debug|Win32
		{75D71727-132D-4BA3-A770-30F6EF459C76}.Release|Win32.ActiveCfg = Release|Win32
		{75D71727-132D-4BA3-A770-30F6EF459C76}.Release|Win32.Build.0 = Release|Win32
	EndGlobalSection
	GlobalSection(SolutionProperties) = preSolution
		HideSolutionNode = FALSE
	EndGlobalSection
EndGlobal
